
Microsoft Visual Studio Solution File, Format Version 12.00
# Visual Studio Version 16
VisualStudioVersion = 16.0.30907.101
MinimumVisualStudioVersion = 10.0.40219.1
Project("{FAE04EC0-301F-11D3-BF4B-00C04F79EFBC}") = "GameProject", "GameProject.csproj", "{81817A87-3992-4F82-847C-CEC5896C581A}"
EndProject
Project("{FAE04EC0-301F-11D3-BF4B-00C04F79EFBC}") = "XUnitGameTest", "..\XUnitGameTest\XUnitGameTest.csproj", "{1BC153A0-0923-461F-AB4D-15D1BD735F41}"
EndProject
Global
	GlobalSection(SolutionConfigurationPlatforms) = preSolution
		Debug|Any CPU = Debug|Any CPU
		Release|Any CPU = Release|Any CPU
	EndGlobalSection
	GlobalSection(ProjectConfigurationPlatforms) = postSolution
		{81817A87-3992-4F82-847C-CEC5896C581A}.Debug|Any CPU.ActiveCfg = Debug|Any CPU
		{81817A87-3992-4F82-847C-CEC5896C581A}.Debug|Any CPU.Build.0 = Debug|Any CPU
		{81817A87-3992-4F82-847C-CEC5896C581A}.Release|Any CPU.ActiveCfg = Release|Any CPU
		{81817A87-3992-4F82-847C-CEC5896C581A}.Release|Any CPU.Build.0 = Release|Any CPU
		{1BC153A0-0923-461F-AB4D-15D1BD735F41}.Debug|Any CPU.ActiveCfg = Debug|Any CPU
		{1BC153A0-0923-461F-AB4D-15D1BD735F41}.Debug|Any CPU.Build.0 = Debug|Any CPU
		{1BC153A0-0923-461F-AB4D-15D1BD735F41}.Release|Any CPU.ActiveCfg = Release|Any CPU
		{1BC153A0-0923-461F-AB4D-15D1BD735F41}.Release|Any CPU.Build.0 = Release|Any CPU
	EndGlobalSection
	GlobalSection(SolutionProperties) = preSolution
		HideSolutionNode = FALSE
	EndGlobalSection
	GlobalSection(ExtensibilityGlobals) = postSolution
		SolutionGuid = {0C3E9361-6F02-4A06-8552-4A30699CFFC4}
	EndGlobalSection
EndGlobal
